
Microsoft Visual Studio Solution File, Format Version 12.00
# Visual Studio Version 16
VisualStudioVersion = 16.0.28803.352
MinimumVisualStudioVersion = 10.0.40219.1
Project("{FAE04EC0-301F-11D3-BF4B-00C04F79EFBC}") = "ESOU", "ESOU.Tests\ESOU.csproj", "{20409885-4BF3-43C9-B7D2-00408FC1821F}"
EndProject
Project("{FAE04EC0-301F-11D3-BF4B-00C04F79EFBC}") = "LedWebSeleniumTest", "LedWebSeleniumTest\LedWebSeleniumTest.csproj", "{F9C2DB71-732C-44A3-A266-7DFEF149FBD5}"
EndProject
Global
	GlobalSection(SolutionConfigurationPlatforms) = preSolution
		Debug|Any CPU = Debug|Any CPU
		Release|Any CPU = Release|Any CPU
	EndGlobalSection
	GlobalSection(ProjectConfigurationPlatforms) = postSolution
		{20409885-4BF3-43C9-B7D2-00408FC1821F}.Debug|Any CPU.ActiveCfg = Debug|Any CPU
		{20409885-4BF3-43C9-B7D2-00408FC1821F}.Debug|Any CPU.Build.0 = Debug|Any CPU
		{20409885-4BF3-43C9-B7D2-00408FC1821F}.Release|Any CPU.ActiveCfg = Release|Any CPU
		{20409885-4BF3-43C9-B7D2-00408FC1821F}.Release|Any CPU.Build.0 = Release|Any CPU
		{F9C2DB71-732C-44A3-A266-7DFEF149FBD5}.Debug|Any CPU.ActiveCfg = Debug|Any CPU
		{F9C2DB71-732C-44A3-A266-7DFEF149FBD5}.Debug|Any CPU.Build.0 = Debug|Any CPU
		{F9C2DB71-732C-44A3-A266-7DFEF149FBD5}.Release|Any CPU.ActiveCfg = Release|Any CPU
		{F9C2DB71-732C-44A3-A266-7DFEF149FBD5}.Release|Any CPU.Build.0 = Release|Any CPU
	EndGlobalSection
	GlobalSection(SolutionProperties) = preSolution
		HideSolutionNode = FALSE
	EndGlobalSection
	GlobalSection(ExtensibilityGlobals) = postSolution
		SolutionGuid = {980EEF08-7855-4C75-999B-9D29E2B86597}
	EndGlobalSection
EndGlobal
